// !$*UTF8*$!
{
	archiveVersion = 1;
	classes = {
	};
	objectVersion = 46;
	objects = {

/* Begin PBXBuildFile section */
		BD392FCB1D03BD7F005ABBAB /* MapViewController.swift in Sources */ = {isa = PBXBuildFile; fileRef = BD392FCA1D03BD7F005ABBAB /* MapViewController.swift */; };
		BD392FCD1D03BDE4005ABBAB /* MapKit.framework in Frameworks */ = {isa = PBXBuildFile; fileRef = BD392FCC1D03BDE4005ABBAB /* MapKit.framework */; };
		BD489C491D03DB7F007C4F3E /* AWSAPIGateway.framework in Frameworks */ = {isa = PBXBuildFile; fileRef = BD489C471D03DB7F007C4F3E /* AWSAPIGateway.framework */; };
		BD489C4A1D03DB7F007C4F3E /* AWSCore.framework in Frameworks */ = {isa = PBXBuildFile; fileRef = BD489C481D03DB7F007C4F3E /* AWSCore.framework */; };
		BD489C4C1D03DBC0007C4F3E /* libsqlite3.tbd in Frameworks */ = {isa = PBXBuildFile; fileRef = BD489C4B1D03DBC0007C4F3E /* libsqlite3.tbd */; };
		BD489C4E1D03DBC8007C4F3E /* libz.tbd in Frameworks */ = {isa = PBXBuildFile; fileRef = BD489C4D1D03DBC8007C4F3E /* libz.tbd */; };
		BD489C501D03DBD0007C4F3E /* SystemConfiguration.framework in Frameworks */ = {isa = PBXBuildFile; fileRef = BD489C4F1D03DBD0007C4F3E /* SystemConfiguration.framework */; };
		BD489C511D03DC0C007C4F3E /* AWSAPIGateway.framework in Frameworks */ = {isa = PBXBuildFile; fileRef = BD489C471D03DB7F007C4F3E /* AWSAPIGateway.framework */; };
		BD489C521D03DC0C007C4F3E /* AWSAPIGateway.framework in Embed Frameworks */ = {isa = PBXBuildFile; fileRef = BD489C471D03DB7F007C4F3E /* AWSAPIGateway.framework */; settings = {ATTRIBUTES = (CodeSignOnCopy, RemoveHeadersOnCopy, ); }; };
		BD489C541D03DC1D007C4F3E /* AWSCore.framework in Frameworks */ = {isa = PBXBuildFile; fileRef = BD489C481D03DB7F007C4F3E /* AWSCore.framework */; };
		BD489C551D03DC1D007C4F3E /* AWSCore.framework in Embed Frameworks */ = {isa = PBXBuildFile; fileRef = BD489C481D03DB7F007C4F3E /* AWSCore.framework */; settings = {ATTRIBUTES = (CodeSignOnCopy, RemoveHeadersOnCopy, ); }; };
		BDF00B6A1D03F066005A589A /* FTFriendtrackerClient.m in Sources */ = {isa = PBXBuildFile; fileRef = BDF00B631D03F066005A589A /* FTFriendtrackerClient.m */; };
		BDF00B6B1D03F066005A589A /* FTUpdateLocationModel_info.m in Sources */ = {isa = PBXBuildFile; fileRef = BDF00B651D03F066005A589A /* FTUpdateLocationModel_info.m */; };
		BDF00B6C1D03F066005A589A /* FTUpdateLocationModel.m in Sources */ = {isa = PBXBuildFile; fileRef = BDF00B671D03F066005A589A /* FTUpdateLocationModel.m */; };
		BDF00B6D1D03F066005A589A /* FTUserUpdateModel.m in Sources */ = {isa = PBXBuildFile; fileRef = BDF00B691D03F066005A589A /* FTUserUpdateModel.m */; };
		BDFD1B701D034699008C0372 /* AppDelegate.swift in Sources */ = {isa = PBXBuildFile; fileRef = BDFD1B6F1D034699008C0372 /* AppDelegate.swift */; };
		BDFD1B721D034699008C0372 /* StartViewController.swift in Sources */ = {isa = PBXBuildFile; fileRef = BDFD1B711D034699008C0372 /* StartViewController.swift */; };
		BDFD1B751D034699008C0372 /* Main.storyboard in Resources */ = {isa = PBXBuildFile; fileRef = BDFD1B731D034699008C0372 /* Main.storyboard */; };
		BDFD1B771D034699008C0372 /* Assets.xcassets in Resources */ = {isa = PBXBuildFile; fileRef = BDFD1B761D034699008C0372 /* Assets.xcassets */; };
		BDFD1B7A1D034699008C0372 /* LaunchScreen.storyboard in Resources */ = {isa = PBXBuildFile; fileRef = BDFD1B781D034699008C0372 /* LaunchScreen.storyboard */; };
		BDFD1B821D034A96008C0372 /* PassiveViewController.swift in Sources */ = {isa = PBXBuildFile; fileRef = BDFD1B811D034A96008C0372 /* PassiveViewController.swift */; };
		BDFD1B841D034C00008C0372 /* PasscodeViewController.swift in Sources */ = {isa = PBXBuildFile; fileRef = BDFD1B831D034C00008C0372 /* PasscodeViewController.swift */; };
		BDFD1B861D034C09008C0372 /* DangerViewController.swift in Sources */ = {isa = PBXBuildFile; fileRef = BDFD1B851D034C09008C0372 /* DangerViewController.swift */; };
		BDFD1B881D039F2B008C0372 /* CoreLocation.framework in Frameworks */ = {isa = PBXBuildFile; fileRef = BDFD1B871D039F2B008C0372 /* CoreLocation.framework */; };
/* End PBXBuildFile section */

/* Begin PBXCopyFilesBuildPhase section */
		BD489C531D03DC0D007C4F3E /* Embed Frameworks */ = {
			isa = PBXCopyFilesBuildPhase;
			buildActionMask = 2147483647;
			dstPath = "";
			dstSubfolderSpec = 10;
			files = (
				BD489C521D03DC0C007C4F3E /* AWSAPIGateway.framework in Embed Frameworks */,
				BD489C551D03DC1D007C4F3E /* AWSCore.framework in Embed Frameworks */,
			);
			name = "Embed Frameworks";
			runOnlyForDeploymentPostprocessing = 0;
		};
/* End PBXCopyFilesBuildPhase section */

/* Begin PBXFileReference section */
		BD392FCA1D03BD7F005ABBAB /* MapViewController.swift */ = {isa = PBXFileReference; fileEncoding = 4; lastKnownFileType = sourcecode.swift; path = MapViewController.swift; sourceTree = "<group>"; };
		BD392FCC1D03BDE4005ABBAB /* MapKit.framework */ = {isa = PBXFileReference; lastKnownFileType = wrapper.framework; name = MapKit.framework; path = System/Library/Frameworks/MapKit.framework; sourceTree = SDKROOT; };
		BD392FE01D03D7D6005ABBAB /* FriendTracker-Bridging-Header.h */ = {isa = PBXFileReference; lastKnownFileType = sourcecode.c.h; path = "FriendTracker-Bridging-Header.h"; sourceTree = "<group>"; };
		BD489C471D03DB7F007C4F3E /* AWSAPIGateway.framework */ = {isa = PBXFileReference; lastKnownFileType = wrapper.framework; path = AWSAPIGateway.framework; sourceTree = "<group>"; };
		BD489C481D03DB7F007C4F3E /* AWSCore.framework */ = {isa = PBXFileReference; lastKnownFileType = wrapper.framework; path = AWSCore.framework; sourceTree = "<group>"; };
		BD489C4B1D03DBC0007C4F3E /* libsqlite3.tbd */ = {isa = PBXFileReference; lastKnownFileType = "sourcecode.text-based-dylib-definition"; name = libsqlite3.tbd; path = usr/lib/libsqlite3.tbd; sourceTree = SDKROOT; };
		BD489C4D1D03DBC8007C4F3E /* libz.tbd */ = {isa = PBXFileReference; lastKnownFileType = "sourcecode.text-based-dylib-definition"; name = libz.tbd; path = usr/lib/libz.tbd; sourceTree = SDKROOT; };
		BD489C4F1D03DBD0007C4F3E /* SystemConfiguration.framework */ = {isa = PBXFileReference; lastKnownFileType = wrapper.framework; name = SystemConfiguration.framework; path = System/Library/Frameworks/SystemConfiguration.framework; sourceTree = SDKROOT; };
		BDF00B621D03F066005A589A /* FTFriendtrackerClient.h */ = {isa = PBXFileReference; fileEncoding = 4; lastKnownFileType = sourcecode.c.h; path = FTFriendtrackerClient.h; sourceTree = "<group>"; };
		BDF00B631D03F066005A589A /* FTFriendtrackerClient.m */ = {isa = PBXFileReference; fileEncoding = 4; lastKnownFileType = sourcecode.c.objc; path = FTFriendtrackerClient.m; sourceTree = "<group>"; };
		BDF00B641D03F066005A589A /* FTUpdateLocationModel_info.h */ = {isa = PBXFileReference; fileEncoding = 4; lastKnownFileType = sourcecode.c.h; path = FTUpdateLocationModel_info.h; sourceTree = "<group>"; };
		BDF00B651D03F066005A589A /* FTUpdateLocationModel_info.m */ = {isa = PBXFileReference; fileEncoding = 4; lastKnownFileType = sourcecode.c.objc; path = FTUpdateLocationModel_info.m; sourceTree = "<group>"; };
		BDF00B661D03F066005A589A /* FTUpdateLocationModel.h */ = {isa = PBXFileReference; fileEncoding = 4; lastKnownFileType = sourcecode.c.h; path = FTUpdateLocationModel.h; sourceTree = "<group>"; };
		BDF00B671D03F066005A589A /* FTUpdateLocationModel.m */ = {isa = PBXFileReference; fileEncoding = 4; lastKnownFileType = sourcecode.c.objc; path = FTUpdateLocationModel.m; sourceTree = "<group>"; };
		BDF00B681D03F066005A589A /* FTUserUpdateModel.h */ = {isa = PBXFileReference; fileEncoding = 4; lastKnownFileType = sourcecode.c.h; path = FTUserUpdateModel.h; sourceTree = "<group>"; };
		BDF00B691D03F066005A589A /* FTUserUpdateModel.m */ = {isa = PBXFileReference; fileEncoding = 4; lastKnownFileType = sourcecode.c.objc; path = FTUserUpdateModel.m; sourceTree = "<group>"; };
		BDFD1B6C1D034699008C0372 /* FriendTracker.app */ = {isa = PBXFileReference; explicitFileType = wrapper.application; includeInIndex = 0; path = FriendTracker.app; sourceTree = BUILT_PRODUCTS_DIR; };
		BDFD1B6F1D034699008C0372 /* AppDelegate.swift */ = {isa = PBXFileReference; lastKnownFileType = sourcecode.swift; path = AppDelegate.swift; sourceTree = "<group>"; };
		BDFD1B711D034699008C0372 /* StartViewController.swift */ = {isa = PBXFileReference; lastKnownFileType = sourcecode.swift; path = StartViewController.swift; sourceTree = "<group>"; };
		BDFD1B741D034699008C0372 /* Base */ = {isa = PBXFileReference; lastKnownFileType = file.storyboard; name = Base; path = Base.lproj/Main.storyboard; sourceTree = "<group>"; };
		BDFD1B761D034699008C0372 /* Assets.xcassets */ = {isa = PBXFileReference; lastKnownFileType = folder.assetcatalog; path = Assets.xcassets; sourceTree = "<group>"; };
		BDFD1B791D034699008C0372 /* Base */ = {isa = PBXFileReference; lastKnownFileType = file.storyboard; name = Base; path = Base.lproj/LaunchScreen.storyboard; sourceTree = "<group>"; };
		BDFD1B7B1D034699008C0372 /* Info.plist */ = {isa = PBXFileReference; lastKnownFileType = text.plist.xml; path = Info.plist; sourceTree = "<group>"; };
		BDFD1B811D034A96008C0372 /* PassiveViewController.swift */ = {isa = PBXFileReference; fileEncoding = 4; lastKnownFileType = sourcecode.swift; path = PassiveViewController.swift; sourceTree = "<group>"; };
		BDFD1B831D034C00008C0372 /* PasscodeViewController.swift */ = {isa = PBXFileReference; fileEncoding = 4; lastKnownFileType = sourcecode.swift; path = PasscodeViewController.swift; sourceTree = "<group>"; };
		BDFD1B851D034C09008C0372 /* DangerViewController.swift */ = {isa = PBXFileReference; fileEncoding = 4; lastKnownFileType = sourcecode.swift; path = DangerViewController.swift; sourceTree = "<group>"; };
		BDFD1B871D039F2B008C0372 /* CoreLocation.framework */ = {isa = PBXFileReference; lastKnownFileType = wrapper.framework; name = CoreLocation.framework; path = System/Library/Frameworks/CoreLocation.framework; sourceTree = SDKROOT; };
/* End PBXFileReference section */

/* Begin PBXFrameworksBuildPhase section */
		BDFD1B691D034699008C0372 /* Frameworks */ = {
			isa = PBXFrameworksBuildPhase;
			buildActionMask = 2147483647;
			files = (
				BD489C501D03DBD0007C4F3E /* SystemConfiguration.framework in Frameworks */,
				BD489C4E1D03DBC8007C4F3E /* libz.tbd in Frameworks */,
				BD489C511D03DC0C007C4F3E /* AWSAPIGateway.framework in Frameworks */,
				BD489C4C1D03DBC0007C4F3E /* libsqlite3.tbd in Frameworks */,
				BD489C491D03DB7F007C4F3E /* AWSAPIGateway.framework in Frameworks */,
				BD489C4A1D03DB7F007C4F3E /* AWSCore.framework in Frameworks */,
				BD392FCD1D03BDE4005ABBAB /* MapKit.framework in Frameworks */,
				BDFD1B881D039F2B008C0372 /* CoreLocation.framework in Frameworks */,
				BD489C541D03DC1D007C4F3E /* AWSCore.framework in Frameworks */,
			);
			runOnlyForDeploymentPostprocessing = 0;
		};
/* End PBXFrameworksBuildPhase section */

/* Begin PBXGroup section */
		BDFD1B631D034699008C0372 = {
			isa = PBXGroup;
			children = (
				BD489C4F1D03DBD0007C4F3E /* SystemConfiguration.framework */,
				BD489C4D1D03DBC8007C4F3E /* libz.tbd */,
				BD489C4B1D03DBC0007C4F3E /* libsqlite3.tbd */,
				BD489C471D03DB7F007C4F3E /* AWSAPIGateway.framework */,
				BD489C481D03DB7F007C4F3E /* AWSCore.framework */,
				BD392FCC1D03BDE4005ABBAB /* MapKit.framework */,
				BDFD1B871D039F2B008C0372 /* CoreLocation.framework */,
				BDFD1B6E1D034699008C0372 /* FriendTracker */,
				BDFD1B6D1D034699008C0372 /* Products */,
			);
			sourceTree = "<group>";
		};
		BDFD1B6D1D034699008C0372 /* Products */ = {
			isa = PBXGroup;
			children = (
				BDFD1B6C1D034699008C0372 /* FriendTracker.app */,
			);
			name = Products;
			sourceTree = "<group>";
		};
		BDFD1B6E1D034699008C0372 /* FriendTracker */ = {
			isa = PBXGroup;
			children = (
				BDFD1B6F1D034699008C0372 /* AppDelegate.swift */,
				BDFD1B711D034699008C0372 /* StartViewController.swift */,
				BDFD1B731D034699008C0372 /* Main.storyboard */,
				BD392FCA1D03BD7F005ABBAB /* MapViewController.swift */,
				BDFD1B831D034C00008C0372 /* PasscodeViewController.swift */,
				BDFD1B851D034C09008C0372 /* DangerViewController.swift */,
				BDFD1B811D034A96008C0372 /* PassiveViewController.swift */,
				BDFD1B761D034699008C0372 /* Assets.xcassets */,
				BDFD1B781D034699008C0372 /* LaunchScreen.storyboard */,
				BDFD1B7B1D034699008C0372 /* Info.plist */,
				BDF00B621D03F066005A589A /* FTFriendtrackerClient.h */,
				BDF00B631D03F066005A589A /* FTFriendtrackerClient.m */,
				BDF00B641D03F066005A589A /* FTUpdateLocationModel_info.h */,
				BDF00B651D03F066005A589A /* FTUpdateLocationModel_info.m */,
				BDF00B661D03F066005A589A /* FTUpdateLocationModel.h */,
				BDF00B671D03F066005A589A /* FTUpdateLocationModel.m */,
				BDF00B681D03F066005A589A /* FTUserUpdateModel.h */,
				BDF00B691D03F066005A589A /* FTUserUpdateModel.m */,
				BD392FE01D03D7D6005ABBAB /* FriendTracker-Bridging-Header.h */,
			);
			path = FriendTracker;
			sourceTree = "<group>";
		};
/* End PBXGroup section */

/* Begin PBXNativeTarget section */
		BDFD1B6B1D034699008C0372 /* FriendTracker */ = {
			isa = PBXNativeTarget;
			buildConfigurationList = BDFD1B7E1D034699008C0372 /* Build configuration list for PBXNativeTarget "FriendTracker" */;
			buildPhases = (
				BDFD1B681D034699008C0372 /* Sources */,
				BDFD1B691D034699008C0372 /* Frameworks */,
				BDFD1B6A1D034699008C0372 /* Resources */,
				BD489C531D03DC0D007C4F3E /* Embed Frameworks */,
			);
			buildRules = (
			);
			dependencies = (
			);
			name = FriendTracker;
			productName = FriendTracker;
			productReference = BDFD1B6C1D034699008C0372 /* FriendTracker.app */;
			productType = "com.apple.product-type.application";
		};
/* End PBXNativeTarget section */

/* Begin PBXProject section */
		BDFD1B641D034699008C0372 /* Project object */ = {
			isa = PBXProject;
			attributes = {
				LastSwiftUpdateCheck = 0730;
				LastUpgradeCheck = 0730;
				ORGANIZATIONNAME = "Aaron Boswell";
				TargetAttributes = {
					BDFD1B6B1D034699008C0372 = {
						CreatedOnToolsVersion = 7.3.1;
						DevelopmentTeam = 27RHNLCLG4;
						SystemCapabilities = {
							com.apple.Push = {
								enabled = 1;
							};
						};
					};
				};
			};
			buildConfigurationList = BDFD1B671D034699008C0372 /* Build configuration list for PBXProject "FriendTracker" */;
			compatibilityVersion = "Xcode 3.2";
			developmentRegion = English;
			hasScannedForEncodings = 0;
			knownRegions = (
				en,
				Base,
			);
			mainGroup = BDFD1B631D034699008C0372;
			productRefGroup = BDFD1B6D1D034699008C0372 /* Products */;
			projectDirPath = "";
			projectRoot = "";
			targets = (
				BDFD1B6B1D034699008C0372 /* FriendTracker */,
			);
		};
/* End PBXProject section */

/* Begin PBXResourcesBuildPhase section */
		BDFD1B6A1D034699008C0372 /* Resources */ = {
			isa = PBXResourcesBuildPhase;
			buildActionMask = 2147483647;
			files = (
				BDFD1B7A1D034699008C0372 /* LaunchScreen.storyboard in Resources */,
				BDFD1B771D034699008C0372 /* Assets.xcassets in Resources */,
				BDFD1B751D034699008C0372 /* Main.storyboard in Resources */,
			);
			runOnlyForDeploymentPostprocessing = 0;
		};
/* End PBXResourcesBuildPhase section */

/* Begin PBXSourcesBuildPhase section */
		BDFD1B681D034699008C0372 /* Sources */ = {
			isa = PBXSourcesBuildPhase;
			buildActionMask = 2147483647;
			files = (
				BDF00B6A1D03F066005A589A /* FTFriendtrackerClient.m in Sources */,
				BDFD1B841D034C00008C0372 /* PasscodeViewController.swift in Sources */,
				BDF00B6C1D03F066005A589A /* FTUpdateLocationModel.m in Sources */,
				BD392FCB1D03BD7F005ABBAB /* MapViewController.swift in Sources */,
				BDF00B6B1D03F066005A589A /* FTUpdateLocationModel_info.m in Sources */,
				BDFD1B721D034699008C0372 /* StartViewController.swift in Sources */,
				BDFD1B821D034A96008C0372 /* PassiveViewController.swift in Sources */,
				BDFD1B861D034C09008C0372 /* DangerViewController.swift in Sources */,
				BDF00B6D1D03F066005A589A /* FTUserUpdateModel.m in Sources */,
				BDFD1B701D034699008C0372 /* AppDelegate.swift in Sources */,
			);
			runOnlyForDeploymentPostprocessing = 0;
		};
/* End PBXSourcesBuildPhase section */

/* Begin PBXVariantGroup section */
		BDFD1B731D034699008C0372 /* Main.storyboard */ = {
			isa = PBXVariantGroup;
			children = (
				BDFD1B741D034699008C0372 /* Base */,
			);
			name = Main.storyboard;
			sourceTree = "<group>";
		};
		BDFD1B781D034699008C0372 /* LaunchScreen.storyboard */ = {
			isa = PBXVariantGroup;
			children = (
				BDFD1B791D034699008C0372 /* Base */,
			);
			name = LaunchScreen.storyboard;
			sourceTree = "<group>";
		};
/* End PBXVariantGroup section */

/* Begin XCBuildConfiguration section */
		BDFD1B7C1D034699008C0372 /* Debug */ = {
			isa = XCBuildConfiguration;
			buildSettings = {
				ALWAYS_SEARCH_USER_PATHS = NO;
				CLANG_ANALYZER_NONNULL = YES;
				CLANG_CXX_LANGUAGE_STANDARD = "gnu++0x";
				CLANG_CXX_LIBRARY = "libc++";
				CLANG_ENABLE_MODULES = YES;
				CLANG_ENABLE_OBJC_ARC = YES;
				CLANG_WARN_BOOL_CONVERSION = YES;
				CLANG_WARN_CONSTANT_CONVERSION = YES;
				CLANG_WARN_DIRECT_OBJC_ISA_USAGE = YES_ERROR;
				CLANG_WARN_EMPTY_BODY = YES;
				CLANG_WARN_ENUM_CONVERSION = YES;
				CLANG_WARN_INT_CONVERSION = YES;
				CLANG_WARN_OBJC_ROOT_CLASS = YES_ERROR;
				CLANG_WARN_UNREACHABLE_CODE = YES;
				CLANG_WARN__DUPLICATE_METHOD_MATCH = YES;
				"CODE_SIGN_IDENTITY[sdk=iphoneos*]" = "iPhone Developer";
				COPY_PHASE_STRIP = NO;
				DEBUG_INFORMATION_FORMAT = dwarf;
				ENABLE_STRICT_OBJC_MSGSEND = YES;
				ENABLE_TESTABILITY = YES;
				GCC_C_LANGUAGE_STANDARD = gnu99;
				GCC_DYNAMIC_NO_PIC = NO;
				GCC_NO_COMMON_BLOCKS = YES;
				GCC_OPTIMIZATION_LEVEL = 0;
				GCC_PREPROCESSOR_DEFINITIONS = (
					"DEBUG=1",
					"$(inherited)",
				);
				GCC_WARN_64_TO_32_BIT_CONVERSION = YES;
				GCC_WARN_ABOUT_RETURN_TYPE = YES_ERROR;
				GCC_WARN_UNDECLARED_SELECTOR = YES;
				GCC_WARN_UNINITIALIZED_AUTOS = YES_AGGRESSIVE;
				GCC_WARN_UNUSED_FUNCTION = YES;
				GCC_WARN_UNUSED_VARIABLE = YES;
				IPHONEOS_DEPLOYMENT_TARGET = 9.3;
				MTL_ENABLE_DEBUG_INFO = YES;
				ONLY_ACTIVE_ARCH = YES;
				SDKROOT = iphoneos;
				SWIFT_OPTIMIZATION_LEVEL = "-Onone";
			};
			name = Debug;
		};
		BDFD1B7D1D034699008C0372 /* Release */ = {
			isa = XCBuildConfiguration;
			buildSettings = {
				ALWAYS_SEARCH_USER_PATHS = NO;
				CLANG_ANALYZER_NONNULL = YES;
				CLANG_CXX_LANGUAGE_STANDARD = "gnu++0x";
				CLANG_CXX_LIBRARY = "libc++";
				CLANG_ENABLE_MODULES = YES;
				CLANG_ENABLE_OBJC_ARC = YES;
				CLANG_WARN_BOOL_CONVERSION = YES;
				CLANG_WARN_CONSTANT_CONVERSION = YES;
				CLANG_WARN_DIRECT_OBJC_ISA_USAGE = YES_ERROR;
				CLANG_WARN_EMPTY_BODY = YES;
				CLANG_WARN_ENUM_CONVERSION = YES;
				CLANG_WARN_INT_CONVERSION = YES;
				CLANG_WARN_OBJC_ROOT_CLASS = YES_ERROR;
				CLANG_WARN_UNREACHABLE_CODE = YES;
				CLANG_WARN__DUPLICATE_METHOD_MATCH = YES;
				"CODE_SIGN_IDENTITY[sdk=iphoneos*]" = "iPhone Developer";
				COPY_PHASE_STRIP = NO;
				DEBUG_INFORMATION_FORMAT = "dwarf-with-dsym";
				ENABLE_NS_ASSERTIONS = NO;
				ENABLE_STRICT_OBJC_MSGSEND = YES;
				GCC_C_LANGUAGE_STANDARD = gnu99;
				GCC_NO_COMMON_BLOCKS = YES;
				GCC_WARN_64_TO_32_BIT_CONVERSION = YES;
				GCC_WARN_ABOUT_RETURN_TYPE = YES_ERROR;
				GCC_WARN_UNDECLARED_SELECTOR = YES;
				GCC_WARN_UNINITIALIZED_AUTOS = YES_AGGRESSIVE;
				GCC_WARN_UNUSED_FUNCTION = YES;
				GCC_WARN_UNUSED_VARIABLE = YES;
				IPHONEOS_DEPLOYMENT_TARGET = 9.3;
				MTL_ENABLE_DEBUG_INFO = NO;
				SDKROOT = iphoneos;
				VALIDATE_PRODUCT = YES;
			};
			name = Release;
		};
		BDFD1B7F1D034699008C0372 /* Debug */ = {
			isa = XCBuildConfiguration;
			buildSettings = {
				ASSETCATALOG_COMPILER_APPICON_NAME = AppIcon;
				CLANG_ENABLE_MODULES = YES;
				CODE_SIGN_IDENTITY = "iPhone Developer";
				"CODE_SIGN_IDENTITY[sdk=iphoneos*]" = "iPhone Developer";
				DEFINES_MODULE = YES;
				FRAMEWORK_SEARCH_PATHS = (
					"$(inherited)",
					"$(PROJECT_DIR)",
				);
				INFOPLIST_FILE = FriendTracker/Info.plist;
				LD_RUNPATH_SEARCH_PATHS = "$(inherited) @executable_path/Frameworks";
				PRODUCT_BUNDLE_IDENTIFIER = com.aaronandangela.friendtracker;
				PRODUCT_NAME = "$(TARGET_NAME)";
				PROVISIONING_PROFILE = "";
				SWIFT_OBJC_BRIDGING_HEADER = "FriendTracker/FriendTracker-Bridging-Header.h";
				SWIFT_OPTIMIZATION_LEVEL = "-Onone";
			};
			name = Debug;
		};
		BDFD1B801D034699008C0372 /* Release */ = {
			isa = XCBuildConfiguration;
			buildSettings = {
				ASSETCATALOG_COMPILER_APPICON_NAME = AppIcon;
				CLANG_ENABLE_MODULES = YES;
				CODE_SIGN_IDENTITY = "iPhone Developer";
				"CODE_SIGN_IDENTITY[sdk=iphoneos*]" = "iPhone Developer";
				DEFINES_MODULE = YES;
				FRAMEWORK_SEARCH_PATHS = (
					"$(inherited)",
					"$(PROJECT_DIR)",
				);
				INFOPLIST_FILE = FriendTracker/Info.plist;
				LD_RUNPATH_SEARCH_PATHS = "$(inherited) @executable_path/Frameworks";
				PRODUCT_BUNDLE_IDENTIFIER = com.aaronandangela.friendtracker;
				PRODUCT_NAME = "$(TARGET_NAME)";
				PROVISIONING_PROFILE = "";
				SWIFT_OBJC_BRIDGING_HEADER = "FriendTracker/FriendTracker-Bridging-Header.h";
			};
			name = Release;
		};
/* End XCBuildConfiguration section */

/* Begin XCConfigurationList section */
		BDFD1B671D034699008C0372 /* Build configuration list for PBXProject "FriendTracker" */ = {
			isa = XCConfigurationList;
			buildConfigurations = (
				BDFD1B7C1D034699008C0372 /* Debug */,
				BDFD1B7D1D034699008C0372 /* Release */,
			);
			defaultConfigurationIsVisible = 0;
			defaultConfigurationName = Release;
		};
		BDFD1B7E1D034699008C0372 /* Build configuration list for PBXNativeTarget "FriendTracker" */ = {
			isa = XCConfigurationList;
			buildConfigurations = (
				BDFD1B7F1D034699008C0372 /* Debug */,
				BDFD1B801D034699008C0372 /* Release */,
			);
			defaultConfigurationIsVisible = 0;
			defaultConfigurationName = Release;
		};
/* End XCConfigurationList section */
	};
	rootObject = BDFD1B641D034699008C0372 /* Project object */;
}
